// !$*UTF8*$!
{
	archiveVersion = 1;
	classes = {
	};
	objectVersion = 46;
	objects = {

/* Begin PBXBuildFile section */
		245B3D541C1C244A00F56392 /* AppDelegate.swift in Sources */ = {isa = PBXBuildFile; fileRef = 245B3D531C1C244A00F56392 /* AppDelegate.swift */; };
		245B3D561C1C244A00F56392 /* ViewController.swift in Sources */ = {isa = PBXBuildFile; fileRef = 245B3D551C1C244A00F56392 /* ViewController.swift */; };
		245B3D591C1C244A00F56392 /* Main.storyboard in Resources */ = {isa = PBXBuildFile; fileRef = 245B3D571C1C244A00F56392 /* Main.storyboard */; };
		245B3D5B1C1C244A00F56392 /* Images.xcassets in Resources */ = {isa = PBXBuildFile; fileRef = 245B3D5A1C1C244A00F56392 /* Images.xcassets */; };
		245B3D5E1C1C244A00F56392 /* LaunchScreen.xib in Resources */ = {isa = PBXBuildFile; fileRef = 245B3D5C1C1C244A00F56392 /* LaunchScreen.xib */; };
		245B3D6A1C1C244A00F56392 /* learnswiftTests.swift in Sources */ = {isa = PBXBuildFile; fileRef = 245B3D691C1C244A00F56392 /* learnswiftTests.swift */; };
/* End PBXBuildFile section */

/* Begin PBXContainerItemProxy section */
		245B3D641C1C244A00F56392 /* PBXContainerItemProxy */ = {
			isa = PBXContainerItemProxy;
			containerPortal = 245B3D461C1C244A00F56392 /* Project object */;
			proxyType = 1;
			remoteGlobalIDString = 245B3D4D1C1C244A00F56392;
			remoteInfo = learnswift;
		};
/* End PBXContainerItemProxy section */

/* Begin PBXFileReference section */
		245B3D4E1C1C244A00F56392 /* learnswift.app */ = {isa = PBXFileReference; explicitFileType = wrapper.application; includeInIndex = 0; path = learnswift.app; sourceTree = BUILT_PRODUCTS_DIR; };
		245B3D521C1C244A00F56392 /* Info.plist */ = {isa = PBXFileReference; lastKnownFileType = text.plist.xml; path = Info.plist; sourceTree = "<group>"; };
		245B3D531C1C244A00F56392 /* AppDelegate.swift */ = {isa = PBXFileReference; lastKnownFileType = sourcecode.swift; path = AppDelegate.swift; sourceTree = "<group>"; };
		245B3D551C1C244A00F56392 /* ViewController.swift */ = {isa = PBXFileReference; lastKnownFileType = sourcecode.swift; path = ViewController.swift; sourceTree = "<group>"; };
		245B3D581C1C244A00F56392 /* Base */ = {isa = PBXFileReference; lastKnownFileType = file.storyboard; name = Base; path = Base.lproj/Main.storyboard; sourceTree = "<group>"; };
		245B3D5A1C1C244A00F56392 /* Images.xcassets */ = {isa = PBXFileReference; lastKnownFileType = folder.assetcatalog; path = Images.xcassets; sourceTree = "<group>"; };
		245B3D5D1C1C244A00F56392 /* Base */ = {isa = PBXFileReference; lastKnownFileType = file.xib; name = Base; path = Base.lproj/LaunchScreen.xib; sourceTree = "<group>"; };
		245B3D631C1C244A00F56392 /* learnswiftTests.xctest */ = {isa = PBXFileReference; explicitFileType = wrapper.cfbundle; includeInIndex = 0; path = learnswiftTests.xctest; sourceTree = BUILT_PRODUCTS_DIR; };
		245B3D681C1C244A00F56392 /* Info.plist */ = {isa = PBXFileReference; lastKnownFileType = text.plist.xml; path = Info.plist; sourceTree = "<group>"; };
		245B3D691C1C244A00F56392 /* learnswiftTests.swift */ = {isa = PBXFileReference; lastKnownFileType = sourcecode.swift; path = learnswiftTests.swift; sourceTree = "<group>"; };
/* End PBXFileReference section */

/* Begin PBXFrameworksBuildPhase section */
		245B3D4B1C1C244A00F56392 /* Frameworks */ = {
			isa = PBXFrameworksBuildPhase;
			buildActionMask = 2147483647;
			files = (
			);
			runOnlyForDeploymentPostprocessing = 0;
		};
		245B3D601C1C244A00F56392 /* Frameworks */ = {
			isa = PBXFrameworksBuildPhase;
			buildActionMask = 2147483647;
			files = (
			);
			runOnlyForDeploymentPostprocessing = 0;
		};
/* End PBXFrameworksBuildPhase section */

/* Begin PBXGroup section */
		245B3D451C1C244A00F56392 = {
			isa = PBXGroup;
			children = (
				245B3D501C1C244A00F56392 /* learnswift */,
				245B3D661C1C244A00F56392 /* learnswiftTests */,
				245B3D4F1C1C244A00F56392 /* Products */,
			);
			sourceTree = "<group>";
		};
		245B3D4F1C1C244A00F56392 /* Products */ = {
			isa = PBXGroup;
			children = (
				245B3D4E1C1C244A00F56392 /* learnswift.app */,
				245B3D631C1C244A00F56392 /* learnswiftTests.xctest */,
			);
			name = Products;
			sourceTree = "<group>";
		};
		245B3D501C1C244A00F56392 /* learnswift */ = {
			isa = PBXGroup;
			children = (
				245B3D531C1C244A00F56392 /* AppDelegate.swift */,
				245B3D551C1C244A00F56392 /* ViewController.swift */,
				245B3D571C1C244A00F56392 /* Main.storyboard */,
				245B3D5A1C1C244A00F56392 /* Images.xcassets */,
				245B3D5C1C1C244A00F56392 /* LaunchScreen.xib */,
				245B3D511C1C244A00F56392 /* Supporting Files */,
			);
			path = learnswift;
			sourceTree = "<group>";
		};
		245B3D511C1C244A00F56392 /* Supporting Files */ = {
			isa = PBXGroup;
			children = (
				245B3D521C1C244A00F56392 /* Info.plist */,
			);
			name = "Supporting Files";
			sourceTree = "<group>";
		};
		245B3D661C1C244A00F56392 /* learnswiftTests */ = {
			isa = PBXGroup;
			children = (
				245B3D691C1C244A00F56392 /* learnswiftTests.swift */,
				245B3D671C1C244A00F56392 /* Supporting Files */,
			);
			path = learnswiftTests;
			sourceTree = "<group>";
		};
		245B3D671C1C244A00F56392 /* Supporting Files */ = {
			isa = PBXGroup;
			children = (
				245B3D681C1C244A00F56392 /* Info.plist */,
			);
			name = "Supporting Files";
			sourceTree = "<group>";
		};
/* End PBXGroup section */

/* Begin PBXNativeTarget section */
		245B3D4D1C1C244A00F56392 /* learnswift */ = {
			isa = PBXNativeTarget;
			buildConfigurationList = 245B3D6D1C1C244A00F56392 /* Build configuration list for PBXNativeTarget "learnswift" */;
			buildPhases = (
				245B3D4A1C1C244A00F56392 /* Sources */,
				245B3D4B1C1C244A00F56392 /* Frameworks */,
				245B3D4C1C1C244A00F56392 /* Resources */,
			);
			buildRules = (
			);
			dependencies = (
			);
			name = learnswift;
			productName = learnswift;
			productReference = 245B3D4E1C1C244A00F56392 /* learnswift.app */;
			productType = "com.apple.product-type.application";
		};
		245B3D621C1C244A00F56392 /* learnswiftTests */ = {
			isa = PBXNativeTarget;
			buildConfigurationList = 245B3D701C1C244A00F56392 /* Build configuration list for PBXNativeTarget "learnswiftTests" */;
			buildPhases = (
				245B3D5F1C1C244A00F56392 /* Sources */,
				245B3D601C1C244A00F56392 /* Frameworks */,
				245B3D611C1C244A00F56392 /* Resources */,
			);
			buildRules = (
			);
			dependencies = (
				245B3D651C1C244A00F56392 /* PBXTargetDependency */,
			);
			name = learnswiftTests;
			productName = learnswiftTests;
			productReference = 245B3D631C1C244A00F56392 /* learnswiftTests.xctest */;
			productType = "com.apple.product-type.bundle.unit-test";
		};
/* End PBXNativeTarget section */

/* Begin PBXProject section */
		245B3D461C1C244A00F56392 /* Project object */ = {
			isa = PBXProject;
			attributes = {
				LastUpgradeCheck = 0630;
				ORGANIZATIONNAME = sibeta;
				TargetAttributes = {
					245B3D4D1C1C244A00F56392 = {
						CreatedOnToolsVersion = 6.3.2;
					};
					245B3D621C1C244A00F56392 = {
						CreatedOnToolsVersion = 6.3.2;
						TestTargetID = 245B3D4D1C1C244A00F56392;
					};
				};
			};
			buildConfigurationList = 245B3D491C1C244A00F56392 /* Build configuration list for PBXProject "learnswift" */;
			compatibilityVersion = "Xcode 3.2";
			developmentRegion = English;
			hasScannedForEncodings = 0;
			knownRegions = (
				en,
				Base,
			);
			mainGroup = 245B3D451C1C244A00F56392;
			productRefGroup = 245B3D4F1C1C244A00F56392 /* Products */;
			projectDirPath = "";
			projectRoot = "";
			targets = (
				245B3D4D1C1C244A00F56392 /* learnswift */,
				245B3D621C1C244A00F56392 /* learnswiftTests */,
			);
		};
/* End PBXProject section */

/* Begin PBXResourcesBuildPhase section */
		245B3D4C1C1C244A00F56392 /* Resources */ = {
			isa = PBXResourcesBuildPhase;
			buildActionMask = 2147483647;
			files = (
				245B3D591C1C244A00F56392 /* Main.storyboard in Resources */,
				245B3D5E1C1C244A00F56392 /* LaunchScreen.xib in Resources */,
				245B3D5B1C1C244A00F56392 /* Images.xcassets in Resources */,
			);
			runOnlyForDeploymentPostprocessing = 0;
		};
		245B3D611C1C244A00F56392 /* Resources */ = {
			isa = PBXResourcesBuildPhase;
			buildActionMask = 2147483647;
			files = (
			);
			runOnlyForDeploymentPostprocessing = 0;
		};
/* End PBXResourcesBuildPhase section */

/* Begin PBXSourcesBuildPhase section */
		245B3D4A1C1C244A00F56392 /* Sources */ = {
			isa = PBXSourcesBuildPhase;
			buildActionMask = 2147483647;
			files = (
				245B3D561C1C244A00F56392 /* ViewController.swift in Sources */,
				245B3D541C1C244A00F56392 /* AppDelegate.swift in Sources */,
			);
			runOnlyForDeploymentPostprocessing = 0;
		};
		245B3D5F1C1C244A00F56392 /* Sources */ = {
			isa = PBXSourcesBuildPhase;
			buildActionMask = 2147483647;
			files = (
				245B3D6A1C1C244A00F56392 /* learnswiftTests.swift in Sources */,
			);
			runOnlyForDeploymentPostprocessing = 0;
		};
/* End PBXSourcesBuildPhase section */

/* Begin PBXTargetDependency section */
		245B3D651C1C244A00F56392 /* PBXTargetDependency */ = {
			isa = PBXTargetDependency;
			target = 245B3D4D1C1C244A00F56392 /* learnswift */;
			targetProxy = 245B3D641C1C244A00F56392 /* PBXContainerItemProxy */;
		};
/* End PBXTargetDependency section */

/* Begin PBXVariantGroup section */
		245B3D571C1C244A00F56392 /* Main.storyboard */ = {
			isa = PBXVariantGroup;
			children = (
				245B3D581C1C244A00F56392 /* Base */,
			);
			name = Main.storyboard;
			sourceTree = "<group>";
		};
		245B3D5C1C1C244A00F56392 /* LaunchScreen.xib */ = {
			isa = PBXVariantGroup;
			children = (
				245B3D5D1C1C244A00F56392 /* Base */,
			);
			name = LaunchScreen.xib;
			sourceTree = "<group>";
		};
/* End PBXVariantGroup section */

/* Begin XCBuildConfiguration section */
		245B3D6B1C1C244A00F56392 /* Debug */ = {
			isa = XCBuildConfiguration;
			buildSettings = {
				ALWAYS_SEARCH_USER_PATHS = NO;
				CLANG_CXX_LANGUAGE_STANDARD = "gnu++0x";
				CLANG_CXX_LIBRARY = "libc++";
				CLANG_ENABLE_MODULES = YES;
				CLANG_ENABLE_OBJC_ARC = YES;
				CLANG_WARN_BOOL_CONVERSION = YES;
				CLANG_WARN_CONSTANT_CONVERSION = YES;
				CLANG_WARN_DIRECT_OBJC_ISA_USAGE = YES_ERROR;
				CLANG_WARN_EMPTY_BODY = YES;
				CLANG_WARN_ENUM_CONVERSION = YES;
				CLANG_WARN_INT_CONVERSION = YES;
				CLANG_WARN_OBJC_ROOT_CLASS = YES_ERROR;
				CLANG_WARN_UNREACHABLE_CODE = YES;
				CLANG_WARN__DUPLICATE_METHOD_MATCH = YES;
				"CODE_SIGN_IDENTITY[sdk=iphoneos*]" = "iPhone Developer";
				COPY_PHASE_STRIP = NO;
				DEBUG_INFORMATION_FORMAT = "dwarf-with-dsym";
				ENABLE_STRICT_OBJC_MSGSEND = YES;
				GCC_C_LANGUAGE_STANDARD = gnu99;
				GCC_DYNAMIC_NO_PIC = NO;
				GCC_NO_COMMON_BLOCKS = YES;
				GCC_OPTIMIZATION_LEVEL = 0;
				GCC_PREPROCESSOR_DEFINITIONS = (
					"DEBUG=1",
					"$(inherited)",
				);
				GCC_SYMBOLS_PRIVATE_EXTERN = NO;
				GCC_WARN_64_TO_32_BIT_CONVERSION = YES;
				GCC_WARN_ABOUT_RETURN_TYPE = YES_ERROR;
				GCC_WARN_UNDECLARED_SELECTOR = YES;
				GCC_WARN_UNINITIALIZED_AUTOS = YES_AGGRESSIVE;
				GCC_WARN_UNUSED_FUNCTION = YES;
				GCC_WARN_UNUSED_VARIABLE = YES;
				IPHONEOS_DEPLOYMENT_TARGET = 8.3;
				MTL_ENABLE_DEBUG_INFO = YES;
				ONLY_ACTIVE_ARCH = YES;
				SDKROOT = iphoneos;
				SWIFT_OPTIMIZATION_LEVEL = "-Onone";
			};
			name = Debug;
		};
		245B3D6C1C1C244A00F56392 /* Release */ = {
			isa = XCBuildConfiguration;
			buildSettings = {
				ALWAYS_SEARCH_USER_PATHS = NO;
				CLANG_CXX_LANGUAGE_STANDARD = "gnu++0x";
				CLANG_CXX_LIBRARY = "libc++";
				CLANG_ENABLE_MODULES = YES;
				CLANG_ENABLE_OBJC_ARC = YES;
				CLANG_WARN_BOOL_CONVERSION = YES;
				CLANG_WARN_CONSTANT_CONVERSION = YES;
				CLANG_WARN_DIRECT_OBJC_ISA_USAGE = YES_ERROR;
				CLANG_WARN_EMPTY_BODY = YES;
				CLANG_WARN_ENUM_CONVERSION = YES;
				CLANG_WARN_INT_CONVERSION = YES;
				CLANG_WARN_OBJC_ROOT_CLASS = YES_ERROR;
				CLANG_WARN_UNREACHABLE_CODE = YES;
				CLANG_WARN__DUPLICATE_METHOD_MATCH = YES;
				"CODE_SIGN_IDENTITY[sdk=iphoneos*]" = "iPhone Developer";
				COPY_PHASE_STRIP = NO;
				DEBUG_INFORMATION_FORMAT = "dwarf-with-dsym";
				ENABLE_NS_ASSERTIONS = NO;
				ENABLE_STRICT_OBJC_MSGSEND = YES;
				GCC_C_LANGUAGE_STANDARD = gnu99;
				GCC_NO_COMMON_BLOCKS = YES;
				GCC_WARN_64_TO_32_BIT_CONVERSION = YES;
				GCC_WARN_ABOUT_RETURN_TYPE = YES_ERROR;
				GCC_WARN_UNDECLARED_SELECTOR = YES;
				GCC_WARN_UNINITIALIZED_AUTOS = YES_AGGRESSIVE;
				GCC_WARN_UNUSED_FUNCTION = YES;
				GCC_WARN_UNUSED_VARIABLE = YES;
				IPHONEOS_DEPLOYMENT_TARGET = 8.3;
				MTL_ENABLE_DEBUG_INFO = NO;
				SDKROOT = iphoneos;
				VALIDATE_PRODUCT = YES;
			};
			name = Release;
		};
		245B3D6E1C1C244A00F56392 /* Debug */ = {
			isa = XCBuildConfiguration;
			buildSettings = {
				ASSETCATALOG_COMPILER_APPICON_NAME = AppIcon;
				INFOPLIST_FILE = learnswift/Info.plist;
				LD_RUNPATH_SEARCH_PATHS = "$(inherited) @executable_path/Frameworks";
				PRODUCT_NAME = "$(TARGET_NAME)";
			};
			name = Debug;
		};
		245B3D6F1C1C244A00F56392 /* Release */ = {
			isa = XCBuildConfiguration;
			buildSettings = {
				ASSETCATALOG_COMPILER_APPICON_NAME = AppIcon;
				INFOPLIST_FILE = learnswift/Info.plist;
				LD_RUNPATH_SEARCH_PATHS = "$(inherited) @executable_path/Frameworks";
				PRODUCT_NAME = "$(TARGET_NAME)";
			};
			name = Release;
		};
		245B3D711C1C244A00F56392 /* Debug */ = {
			isa = XCBuildConfiguration;
			buildSettings = {
				BUNDLE_LOADER = "$(TEST_HOST)";
				FRAMEWORK_SEARCH_PATHS = (
					"$(SDKROOT)/Developer/Library/Frameworks",
					"$(inherited)",
				);
				GCC_PREPROCESSOR_DEFINITIONS = (
					"DEBUG=1",
					"$(inherited)",
				);
				INFOPLIST_FILE = learnswiftTests/Info.plist;
				LD_RUNPATH_SEARCH_PATHS = "$(inherited) @executable_path/Frameworks @loader_path/Frameworks";
				PRODUCT_NAME = "$(TARGET_NAME)";
				TEST_HOST = "$(BUILT_PRODUCTS_DIR)/learnswift.app/learnswift";
			};
			name = Debug;
		};
		245B3D721C1C244A00F56392 /* Release */ = {
			isa = XCBuildConfiguration;
			buildSettings = {
				BUNDLE_LOADER = "$(TEST_HOST)";
				FRAMEWORK_SEARCH_PATHS = (
					"$(SDKROOT)/Developer/Library/Frameworks",
					"$(inherited)",
				);
				INFOPLIST_FILE = learnswiftTests/Info.plist;
				LD_RUNPATH_SEARCH_PATHS = "$(inherited) @executable_path/Frameworks @loader_path/Frameworks";
				PRODUCT_NAME = "$(TARGET_NAME)";
				TEST_HOST = "$(BUILT_PRODUCTS_DIR)/learnswift.app/learnswift";
			};
			name = Release;
		};
/* End XCBuildConfiguration section */

/* Begin XCConfigurationList section */
		245B3D491C1C244A00F56392 /* Build configuration list for PBXProject "learnswift" */ = {
			isa = XCConfigurationList;
			buildConfigurations = (
				245B3D6B1C1C244A00F56392 /* Debug */,
				245B3D6C1C1C244A00F56392 /* Release */,
			);
			defaultConfigurationIsVisible = 0;
			defaultConfigurationName = Release;
		};
		245B3D6D1C1C244A00F56392 /* Build configuration list for PBXNativeTarget "learnswift" */ = {
			isa = XCConfigurationList;
			buildConfigurations = (
				245B3D6E1C1C244A00F56392 /* Debug */,
				245B3D6F1C1C244A00F56392 /* Release */,
			);
			defaultConfigurationIsVisible = 0;
		};
		245B3D701C1C244A00F56392 /* Build configuration list for PBXNativeTarget "learnswiftTests" */ = {
			isa = XCConfigurationList;
			buildConfigurations = (
				245B3D711C1C244A00F56392 /* Debug */,
				245B3D721C1C244A00F56392 /* Release */,
			);
			defaultConfigurationIsVisible = 0;
		};
/* End XCConfigurationList section */
	};
	rootObject = 245B3D461C1C244A00F56392 /* Project object */;
}
